
Microsoft Visual Studio Solution File, Format Version 12.00
# Visual Studio Version 16
VisualStudioVersion = 16.0.33927.289
MinimumVisualStudioVersion = 10.0.40219.1
Project("{FAE04EC0-301F-11D3-BF4B-00C04F79EFBC}") = "Training 01", "Training 01\Training 01.csproj", "{705CBEA7-9C49-48BD-ADB5-79BA74988599}"
EndProject
Project("{FAE04EC0-301F-11D3-BF4B-00C04F79EFBC}") = "Training 01_2", "Training 01_2\Training 01_2.csproj", "{C00A2365-9A9E-48B9-A5E9-A5348F0BBB6E}"
EndProject
Global
	GlobalSection(SolutionConfigurationPlatforms) = preSolution
		Debug|Any CPU = Debug|Any CPU
		Release|Any CPU = Release|Any CPU
	EndGlobalSection
	GlobalSection(ProjectConfigurationPlatforms) = postSolution
		{705CBEA7-9C49-48BD-ADB5-79BA74988599}.Debug|Any CPU.ActiveCfg = Debug|Any CPU
		{705CBEA7-9C49-48BD-ADB5-79BA74988599}.Debug|Any CPU.Build.0 = Debug|Any CPU
		{705CBEA7-9C49-48BD-ADB5-79BA74988599}.Release|Any CPU.ActiveCfg = Release|Any CPU
		{705CBEA7-9C49-48BD-ADB5-79BA74988599}.Release|Any CPU.Build.0 = Release|Any CPU
		{C00A2365-9A9E-48B9-A5E9-A5348F0BBB6E}.Debug|Any CPU.ActiveCfg = Debug|Any CPU
		{C00A2365-9A9E-48B9-A5E9-A5348F0BBB6E}.Debug|Any CPU.Build.0 = Debug|Any CPU
		{C00A2365-9A9E-48B9-A5E9-A5348F0BBB6E}.Release|Any CPU.ActiveCfg = Release|Any CPU
		{C00A2365-9A9E-48B9-A5E9-A5348F0BBB6E}.Release|Any CPU.Build.0 = Release|Any CPU
	EndGlobalSection
	GlobalSection(SolutionProperties) = preSolution
		HideSolutionNode = FALSE
	EndGlobalSection
	GlobalSection(ExtensibilityGlobals) = postSolution
		SolutionGuid = {154C8758-4CA9-4506-95D8-5B0E5F5A899C}
	EndGlobalSection
EndGlobal
