
Microsoft Visual Studio Solution File, Format Version 12.00
# Visual Studio Version 16
VisualStudioVersion = 16.0.33927.289
MinimumVisualStudioVersion = 10.0.40219.1
Project("{FAE04EC0-301F-11D3-BF4B-00C04F79EFBC}") = "Assignment_8", "Assignment_8\Assignment_8.csproj", "{051D0A3B-F88B-4077-A24E-62CE4B1BD410}"
EndProject
Global
	GlobalSection(SolutionConfigurationPlatforms) = preSolution
		Debug|Any CPU = Debug|Any CPU
		Release|Any CPU = Release|Any CPU
	EndGlobalSection
	GlobalSection(ProjectConfigurationPlatforms) = postSolution
		{051D0A3B-F88B-4077-A24E-62CE4B1BD410}.Debug|Any CPU.ActiveCfg = Debug|Any CPU
		{051D0A3B-F88B-4077-A24E-62CE4B1BD410}.Debug|Any CPU.Build.0 = Debug|Any CPU
		{051D0A3B-F88B-4077-A24E-62CE4B1BD410}.Release|Any CPU.ActiveCfg = Release|Any CPU
		{051D0A3B-F88B-4077-A24E-62CE4B1BD410}.Release|Any CPU.Build.0 = Release|Any CPU
	EndGlobalSection
	GlobalSection(SolutionProperties) = preSolution
		HideSolutionNode = FALSE
	EndGlobalSection
	GlobalSection(ExtensibilityGlobals) = postSolution
		SolutionGuid = {11B0E33F-12E7-4A2E-A760-B882B29C1F85}
	EndGlobalSection
EndGlobal
