
Microsoft Visual Studio Solution File, Format Version 12.00
# Visual Studio Version 16
VisualStudioVersion = 16.0.33927.289
MinimumVisualStudioVersion = 10.0.40219.1
Project("{FAE04EC0-301F-11D3-BF4B-00C04F79EFBC}") = "Assignment_7", "Assignment_7\Assignment_7.csproj", "{1B3FBE8F-1473-409D-9B8D-2F8D264AE5D4}"
EndProject
Project("{FAE04EC0-301F-11D3-BF4B-00C04F79EFBC}") = "WindowsFormsApp1", "WindowsFormsApp1\WindowsFormsApp1.csproj", "{6255070B-663E-480D-8983-4F5C488E32F6}"
EndProject
Global
	GlobalSection(SolutionConfigurationPlatforms) = preSolution
		Debug|Any CPU = Debug|Any CPU
		Release|Any CPU = Release|Any CPU
	EndGlobalSection
	GlobalSection(ProjectConfigurationPlatforms) = postSolution
		{1B3FBE8F-1473-409D-9B8D-2F8D264AE5D4}.Debug|Any CPU.ActiveCfg = Debug|Any CPU
		{1B3FBE8F-1473-409D-9B8D-2F8D264AE5D4}.Debug|Any CPU.Build.0 = Debug|Any CPU
		{1B3FBE8F-1473-409D-9B8D-2F8D264AE5D4}.Release|Any CPU.ActiveCfg = Release|Any CPU
		{1B3FBE8F-1473-409D-9B8D-2F8D264AE5D4}.Release|Any CPU.Build.0 = Release|Any CPU
		{6255070B-663E-480D-8983-4F5C488E32F6}.Debug|Any CPU.ActiveCfg = Debug|Any CPU
		{6255070B-663E-480D-8983-4F5C488E32F6}.Debug|Any CPU.Build.0 = Debug|Any CPU
		{6255070B-663E-480D-8983-4F5C488E32F6}.Release|Any CPU.ActiveCfg = Release|Any CPU
		{6255070B-663E-480D-8983-4F5C488E32F6}.Release|Any CPU.Build.0 = Release|Any CPU
	EndGlobalSection
	GlobalSection(SolutionProperties) = preSolution
		HideSolutionNode = FALSE
	EndGlobalSection
	GlobalSection(ExtensibilityGlobals) = postSolution
		SolutionGuid = {B056FE07-762C-42F2-BA02-C2B019334E6B}
	EndGlobalSection
EndGlobal
