
Microsoft Visual Studio Solution File, Format Version 12.00
# Visual Studio Version 16
VisualStudioVersion = 16.0.33927.289
MinimumVisualStudioVersion = 10.0.40219.1
Project("{FAE04EC0-301F-11D3-BF4B-00C04F79EFBC}") = "Sol_2", "Sol_2\Sol_2.csproj", "{30654762-E2CF-4EA7-ACCB-5CCA15BBA7CC}"
EndProject
Global
	GlobalSection(SolutionConfigurationPlatforms) = preSolution
		Debug|Any CPU = Debug|Any CPU
		Release|Any CPU = Release|Any CPU
	EndGlobalSection
	GlobalSection(ProjectConfigurationPlatforms) = postSolution
		{30654762-E2CF-4EA7-ACCB-5CCA15BBA7CC}.Debug|Any CPU.ActiveCfg = Debug|Any CPU
		{30654762-E2CF-4EA7-ACCB-5CCA15BBA7CC}.Debug|Any CPU.Build.0 = Debug|Any CPU
		{30654762-E2CF-4EA7-ACCB-5CCA15BBA7CC}.Release|Any CPU.ActiveCfg = Release|Any CPU
		{30654762-E2CF-4EA7-ACCB-5CCA15BBA7CC}.Release|Any CPU.Build.0 = Release|Any CPU
	EndGlobalSection
	GlobalSection(SolutionProperties) = preSolution
		HideSolutionNode = FALSE
	EndGlobalSection
	GlobalSection(ExtensibilityGlobals) = postSolution
		SolutionGuid = {14AEABC2-ABAD-4146-943C-3B0B20AC2A5F}
	EndGlobalSection
EndGlobal
