
Microsoft Visual Studio Solution File, Format Version 12.00
# Visual Studio Version 16
VisualStudioVersion = 16.0.33927.289
MinimumVisualStudioVersion = 10.0.40219.1
Project("{FAE04EC0-301F-11D3-BF4B-00C04F79EFBC}") = "Case_Study", "case1\Case_Study.csproj", "{E717A84C-ED65-4BEB-8170-AEE93F3010C7}"
EndProject
Global
	GlobalSection(SolutionConfigurationPlatforms) = preSolution
		Debug|Any CPU = Debug|Any CPU
		Release|Any CPU = Release|Any CPU
	EndGlobalSection
	GlobalSection(ProjectConfigurationPlatforms) = postSolution
		{E717A84C-ED65-4BEB-8170-AEE93F3010C7}.Debug|Any CPU.ActiveCfg = Debug|Any CPU
		{E717A84C-ED65-4BEB-8170-AEE93F3010C7}.Debug|Any CPU.Build.0 = Debug|Any CPU
		{E717A84C-ED65-4BEB-8170-AEE93F3010C7}.Release|Any CPU.ActiveCfg = Release|Any CPU
		{E717A84C-ED65-4BEB-8170-AEE93F3010C7}.Release|Any CPU.Build.0 = Release|Any CPU
	EndGlobalSection
	GlobalSection(SolutionProperties) = preSolution
		HideSolutionNode = FALSE
	EndGlobalSection
	GlobalSection(ExtensibilityGlobals) = postSolution
		SolutionGuid = {838D81E8-375E-4C8D-8F0B-F480C6382710}
	EndGlobalSection
EndGlobal
